
Microsoft Visual Studio Solution File, Format Version 12.00
# Visual Studio 15
VisualStudioVersion = 15.0.28307.106
MinimumVisualStudioVersion = 10.0.40219.1
Project("{FAE04EC0-301F-11D3-BF4B-00C04F79EFBC}") = "ServerCalculator", "ServerCalculator\ServerCalculator.csproj", "{9A07999F-F085-4032-AACF-215B0F2E244B}"
EndProject
Project("{FAE04EC0-301F-11D3-BF4B-00C04F79EFBC}") = "ServerCalculator.Test", "ServerCalculator.Test\ServerCalculator.Test.csproj", "{B5E01B3F-46DB-4F90-B75D-070855DCF4B4}"
EndProject
Global
	GlobalSection(SolutionConfigurationPlatforms) = preSolution
		Debug|Any CPU = Debug|Any CPU
		Release|Any CPU = Release|Any CPU
	EndGlobalSection
	GlobalSection(ProjectConfigurationPlatforms) = postSolution
		{9A07999F-F085-4032-AACF-215B0F2E244B}.Debug|Any CPU.ActiveCfg = Debug|Any CPU
		{9A07999F-F085-4032-AACF-215B0F2E244B}.Debug|Any CPU.Build.0 = Debug|Any CPU
		{9A07999F-F085-4032-AACF-215B0F2E244B}.Release|Any CPU.ActiveCfg = Release|Any CPU
		{9A07999F-F085-4032-AACF-215B0F2E244B}.Release|Any CPU.Build.0 = Release|Any CPU
		{B5E01B3F-46DB-4F90-B75D-070855DCF4B4}.Debug|Any CPU.ActiveCfg = Debug|Any CPU
		{B5E01B3F-46DB-4F90-B75D-070855DCF4B4}.Debug|Any CPU.Build.0 = Debug|Any CPU
		{B5E01B3F-46DB-4F90-B75D-070855DCF4B4}.Release|Any CPU.ActiveCfg = Release|Any CPU
		{B5E01B3F-46DB-4F90-B75D-070855DCF4B4}.Release|Any CPU.Build.0 = Release|Any CPU
	EndGlobalSection
	GlobalSection(SolutionProperties) = preSolution
		HideSolutionNode = FALSE
	EndGlobalSection
	GlobalSection(ExtensibilityGlobals) = postSolution
		SolutionGuid = {E2C8226D-035B-4AF6-ACDE-2B5C2A34B223}
	EndGlobalSection
EndGlobal
